
Microsoft Visual Studio Solution File, Format Version 12.00
# Visual Studio 2012
Project("{f2a71f9b-5d33-465a-a702-920d77279786}") = "Swot", "Swot.fsproj", "{9381C6DD-2D0C-47C8-AE64-79A7BA2E6FB0}"
EndProject
Global
	GlobalSection(SolutionConfigurationPlatforms) = preSolution
		Debug|Any CPU = Debug|Any CPU
		Release|Any CPU = Release|Any CPU
	EndGlobalSection
	GlobalSection(ProjectConfigurationPlatforms) = postSolution
		{9381C6DD-2D0C-47C8-AE64-79A7BA2E6FB0}.Debug|Any CPU.ActiveCfg = Debug|Any CPU
		{9381C6DD-2D0C-47C8-AE64-79A7BA2E6FB0}.Debug|Any CPU.Build.0 = Debug|Any CPU
		{9381C6DD-2D0C-47C8-AE64-79A7BA2E6FB0}.Release|Any CPU.ActiveCfg = Release|Any CPU
		{9381C6DD-2D0C-47C8-AE64-79A7BA2E6FB0}.Release|Any CPU.Build.0 = Release|Any CPU
	EndGlobalSection
EndGlobal
